	<Project xmlns="http://schemas.microsoft.com/developer/msbuild/2003">
		<PropertyGroup>
			<ProjectGuid>{74E4EE94-21EA-403B-AC39-85FF38C900C0}</ProjectGuid>
			<MainSource>QDesktop.dpr</MainSource>
			<Base>True</Base>
			<Config Condition="'$(Config)'==''">Release</Config>
			<TargetedPlatforms>3</TargetedPlatforms>
			<AppType>Application</AppType>
			<FrameworkType>None</FrameworkType>
			<ProjectVersion>16.1</ProjectVersion>
			<Platform Condition="'$(Platform)'==''">Win64</Platform>
			<DCC_DCCCompiler>DCC32</DCC_DCCCompiler>
		</PropertyGroup>
		<PropertyGroup Condition="'$(Config)'=='Base' or '$(Base)'!=''">
			<Base>true</Base>
		</PropertyGroup>
		<PropertyGroup Condition="('$(Platform)'=='Win64' and '$(Base)'=='true') or '$(Base_Win64)'!=''">
			<Base_Win64>true</Base_Win64>
			<CfgParent>Base</CfgParent>
			<Base>true</Base>
		</PropertyGroup>
		<PropertyGroup Condition="('$(Platform)'=='Win32' and '$(Base)'=='true') or '$(Base_Win32)'!=''">
			<Base_Win32>true</Base_Win32>
			<CfgParent>Base</CfgParent>
			<Base>true</Base>
		</PropertyGroup>
		<PropertyGroup Condition="'$(Config)'=='Debug' or '$(Cfg_1)'!=''">
			<Cfg_1>true</Cfg_1>
			<CfgParent>Base</CfgParent>
			<Base>true</Base>
		</PropertyGroup>
		<PropertyGroup Condition="('$(Platform)'=='Win64' and '$(Cfg_1)'=='true') or '$(Cfg_1_Win64)'!=''">
			<Cfg_1_Win64>true</Cfg_1_Win64>
			<CfgParent>Cfg_1</CfgParent>
			<Cfg_1>true</Cfg_1>
			<Base>true</Base>
		</PropertyGroup>
		<PropertyGroup Condition="('$(Platform)'=='Win32' and '$(Cfg_1)'=='true') or '$(Cfg_1_Win32)'!=''">
			<Cfg_1_Win32>true</Cfg_1_Win32>
			<CfgParent>Cfg_1</CfgParent>
			<Cfg_1>true</Cfg_1>
			<Base>true</Base>
		</PropertyGroup>
		<PropertyGroup Condition="'$(Config)'=='Release' or '$(Cfg_2)'!=''">
			<Cfg_2>true</Cfg_2>
			<CfgParent>Base</CfgParent>
			<Base>true</Base>
		</PropertyGroup>
		<PropertyGroup Condition="('$(Platform)'=='Win64' and '$(Cfg_2)'=='true') or '$(Cfg_2_Win64)'!=''">
			<Cfg_2_Win64>true</Cfg_2_Win64>
			<CfgParent>Cfg_2</CfgParent>
			<Cfg_2>true</Cfg_2>
			<Base>true</Base>
		</PropertyGroup>
		<PropertyGroup Condition="('$(Platform)'=='Win32' and '$(Cfg_2)'=='true') or '$(Cfg_2_Win32)'!=''">
			<Cfg_2_Win32>true</Cfg_2_Win32>
			<CfgParent>Cfg_2</CfgParent>
			<Cfg_2>true</Cfg_2>
			<Base>true</Base>
		</PropertyGroup>
		<PropertyGroup Condition="'$(Base)'!=''">
			<DCC_DependencyCheckOutputName>QDesktop.exe</DCC_DependencyCheckOutputName>
			<SanitizedProjectName>QDesktop</SanitizedProjectName>
			<VerInfo_Keys>CompanyName=;FileDescription=;FileVersion=13.1.0.0;InternalName=;LegalCopyright=;LegalTrademarks=;OriginalFilename=;ProductName=;ProductVersion=13.0.0.0;Comments=</VerInfo_Keys>
			<Manifest_File>QDesktop.manifest</Manifest_File>
			<VerInfo_Locale>2052</VerInfo_Locale>
			<DCC_Namespace>System;Xml;Data;Datasnap;Web;Soap;$(DCC_Namespace)</DCC_Namespace>
		</PropertyGroup>
		<PropertyGroup Condition="'$(Base_Win64)'!=''">
			<DCC_DcuOutput>Dcu\Win64</DCC_DcuOutput>
			<DCC_CodePage>65001</DCC_CodePage>
			<DCC_UnitSearchPath>库\SQLite3;库\libcurl;库\XCGUI;库\ZXingQRCode;功能\Shell;功能\索引;功能;功能\硬件;功能\硬件\CPU;功能\硬件\Mem;功能\硬件\GPU;功能\硬件\Net;功能\天气IP;功能\网络;功能\日志;功能\数据库;功能\配置;样式;窗口;$(DCC_UnitSearchPath)</DCC_UnitSearchPath>
			<DCC_IncludePath>样式;$(DCC_IncludePath)</DCC_IncludePath>
			<DCC_Namespace>Winapi;System.Win;Data.Win;Datasnap.Win;Web.Win;Soap.Win;Xml.Win;$(DCC_Namespace)</DCC_Namespace>
		</PropertyGroup>
		<PropertyGroup Condition="'$(Base_Win32)'!=''">
			<DCC_DcuOutput>Dcu\Win32</DCC_DcuOutput>
			<DCC_CodePage>65001</DCC_CodePage>
			<DCC_UnitSearchPath>库\SQLite3;库\libcurl;库\XCGUI;库\ZXingQRCode;功能\Shell;功能\索引;功能;功能\硬件;功能\硬件\CPU;功能\硬件\Mem;功能\硬件\GPU;功能\硬件\Net;功能\天气IP;功能\网络;功能\日志;功能\数据库;功能\配置;样式;窗口;$(DCC_UnitSearchPath)</DCC_UnitSearchPath>
			<DCC_IncludePath>样式;$(DCC_IncludePath)</DCC_IncludePath>
			<DCC_Namespace>Winapi;System.Win;Data.Win;Datasnap.Win;Web.Win;Soap.Win;Xml.Win;$(DCC_Namespace)</DCC_Namespace>
		</PropertyGroup>
		<PropertyGroup Condition="'$(Cfg_1_Win64)'!=''">
			<DCC_ExeOutput>Debug\Win64</DCC_ExeOutput>
		</PropertyGroup>
		<PropertyGroup Condition="'$(Cfg_1_Win32)'!=''">
			<DCC_ExeOutput>Debug\Win32</DCC_ExeOutput>
		</PropertyGroup>
		<PropertyGroup Condition="'$(Cfg_2_Win64)'!=''">
			<Icon_MainIcon>QDesktop.ico</Icon_MainIcon>
			<VerInfo_Build>2</VerInfo_Build>
			<VerInfo_IncludeVerInfo>true</VerInfo_IncludeVerInfo>
			<VerInfo_Release>1</VerInfo_Release>
			<VerInfo_Keys>CompanyName=;FileDescription=;FileVersion=1.0.1.2;InternalName=;LegalCopyright=;LegalTrademarks=;OriginalFilename=;ProductName=;ProductVersion=13.0.0.0;Comments=</VerInfo_Keys>
			<DCC_ExeOutput>Debug\Win64</DCC_ExeOutput>
		</PropertyGroup>
		<PropertyGroup Condition="'$(Cfg_2_Win32)'!=''">
			<Icon_MainIcon>QDesktop.ico</Icon_MainIcon>
			<VerInfo_Build>2</VerInfo_Build>
			<VerInfo_IncludeVerInfo>true</VerInfo_IncludeVerInfo>
			<VerInfo_Release>1</VerInfo_Release>
			<VerInfo_Keys>CompanyName=;FileDescription=;FileVersion=1.0.1.2;InternalName=;LegalCopyright=;LegalTrademarks=;OriginalFilename=;ProductName=;ProductVersion=13.0.0.0;Comments=</VerInfo_Keys>
			<DCC_ExeOutput>Debug\Win32</DCC_ExeOutput>
		</PropertyGroup>
		<ItemGroup>
			<DelphiCompile Include="$(MainSource)">
				<MainSource>MainSource</MainSource>
			</DelphiCompile>
			<None Include="功能\配置\AppPaths.pas"/>
			<None Include="功能\配置\AppConfig.pas"/>
			<None Include="功能\ListItemTypes.pas"/>
			<None Include="功能\Shell\ShellHelper.pas"/>
			<None Include="功能\Shell\ShellIconHelper.pas"/>
			<None Include="功能\Shell\ShellIconLoader.pas"/>
			<None Include="功能\Shell\ShellOpenWith.pas"/>
			<None Include="功能\Shell\DiskSearch.pas"/>
			<None Include="功能\索引\Core.Model.pas"/>
			<None Include="功能\索引\Core.Memory.pas"/>
			<None Include="功能\索引\MftReader.pas"/>
			<None Include="功能\索引\EverythingDb.pas"/>
			<None Include="功能\索引\SearchVM.pas"/>
			<None Include="功能\索引\UsnMonitor.pas"/>
			<None Include="功能\索引\EverythingIndex.pas"/>
			<None Include="功能\硬件\Net\NetIfTable2.pas"/>
			<None Include="功能\硬件\Net\NetTrafficMonitor.pas"/>
			<None Include="功能\硬件\Net\NetInfo.pas"/>
			<None Include="功能\硬件\HardwarePdh.pas"/>
			<None Include="功能\硬件\HardwareCommon.pas"/>
			<None Include="功能\硬件\PawnIoClient.pas"/>
			<None Include="功能\硬件\PawnIoDriver.pas"/>
			<None Include="功能\硬件\CPU\CpuIdHelper.pas"/>
			<None Include="功能\硬件\CPU\CpuInfoNative.pas"/>
			<None Include="功能\硬件\CPU\CpuInfoSensors.pas"/>
			<None Include="功能\硬件\CPU\CpuInfoFan.pas"/>
			<None Include="功能\硬件\CPU\CpuInfo.pas"/>
			<None Include="功能\硬件\Mem\MemInfoNative.pas"/>
			<None Include="功能\硬件\Mem\MemInfoSpd.pas"/>
			<None Include="功能\硬件\Mem\MemJedecLookup.pas"/>
			<None Include="功能\硬件\Mem\MemPartNumberLookup.pas"/>
			<None Include="功能\硬件\Mem\MemInfo.pas"/>
			<None Include="功能\硬件\GPU\GpuInfoNative.pas"/>
			<None Include="功能\硬件\GPU\GpuInfoVendor.pas"/>
			<None Include="功能\硬件\GPU\GpuInfo.pas"/>
			<None Include="功能\HardwareMonitor.pas"/>
			<None Include="功能\网络\NetHttpWorker.pas"/>
			<None Include="功能\网络\FeedbackMailer.pas"/>
			<None Include="功能\天气IP\IpCityCoords.pas"/>
			<None Include="功能\天气IP\WeatherParser.pas"/>
			<None Include="功能\天气IP\ExternalIpFetcher.pas"/>
			<None Include="功能\天气IP\WeatherFetcher.pas"/>
			<None Include="功能\数据库\LibraryStore.pas"/>
			<None Include="功能\日志\SafeLog.pas"/>
			<None Include="样式\UI_Ele.pas"/>
			<None Include="样式\UI_SidebarGrip.pas"/>
			<None Include="样式\UI_Form.pas"/>
			<None Include="样式\UI_Edit.pas"/>
			<None Include="样式\UI_SearchBox.pas"/>
			<None Include="样式\UI_ComboBox.pas"/>
			<None Include="样式\UI_Button.pas"/>
			<None Include="样式\UI_ListBox.pas"/>
			<None Include="样式\UI_ListView.pas"/>
			<None Include="样式\UI_Icon_ListView.pas"/>
			<None Include="样式\UI_MessageBox.pas"/>
			<None Include="样式\UI_PopupMenu.pas"/>
			<None Include="样式\UI_InfoListPopup.pas"/>
			<None Include="样式\UI_ScrollBar.pas"/>
			<None Include="样式\UI_SliderBar.pas"/>
			<None Include="样式\UI_Theme.pas"/>
			<None Include="样式\UI_List.pas"/>
			<None Include="样式\UI_ProgressBar.pas"/>
			<None Include="样式\UI_TooltipShape.pas"/>
			<None Include="库\SQLite3\SQLite3Utils.pas"/>
			<None Include="库\SQLite3\SQLite3Wrap.pas"/>
			<None Include="库\SQLite3\SQLite3.pas"/>
			<None Include="库\XCGUI\XCGUI.pas"/>
			<None Include="库\XCGUI\XElement.pas"/>
			<None Include="库\XCGUI\XEdit.pas"/>
			<None Include="库\XCGUI\XForm.pas"/>
			<None Include="库\XCGUI\XWidget.pas"/>
			<None Include="库\XCGUI\XListview.pas"/>
			<None Include="库\XCGUI\XMenu.pas"/>
			<None Include="库\XCGUI\XBUTTON.pas"/>
			<None Include="库\XCGUI\XScrollView.pas"/>
			<None Include="库\XCGUI\XListbox.pas"/>
			<None Include="库\XCGUI\XComboBox.pas"/>
			<None Include="库\libcurl\libcurl.pas"/>
			<None Include="Debug\Win32\Bin\libcurl.dll"/>
			<None Include="Debug\Win32\Bin\libcrypto-1_1.dll"/>
			<None Include="Debug\Win32\Bin\libssl-1_1.dll"/>
			<None Include="Debug\Win32\Bin\libssh2.dll"/>
			<None Include="库\ZXingQRCode\DelphiZXingQRCode.pas"/>
			<None Include="窗口\UI_MainWindow.pas"/>
			<None Include="窗口\UI_MainWindowTools.pas"/>
			<None Include="窗口\UI_MainWindowStat.pas"/>
			<None Include="窗口\UI_EditItemDialog.pas"/>
			<None Include="窗口\UI_HintPopup.pas"/>
			<None Include="窗口\UI_CategoryDialog.pas"/>
			<None Include="窗口\UI_QrCodeDialog.pas"/>
			<None Include="窗口\UI_FeedbackDialog.pas"/>
			<None Include="窗口\UI_QrCodeRender.pas"/>
			<None Include="窗口\UI_SettingsDialog.pas"/>
			<None Include="窗口\UI_ColorPickerDialog.pas"/>
			<None Include="窗口\UI_ListViewSettingsDialog.pas"/>
			<None Include="窗口\UI_SafeLogWindow.pas"/>
			<None Include="窗口\UI_SliderValuePopup.pas"/>
			<None Include="Debug\Win32\Resource\Layout\MainWindow.xml"/>
			<None Include="Debug\Win32\Resource\Layout\EditItemDialog.xml"/>
			<None Include="Debug\Win32\Resource\Layout\MessageBox.xml"/>
			<None Include="Debug\Win32\Resource\Layout\ListBox_Item.xml"/>
			<None Include="Debug\Win32\Resource\Layout\ListView_Item.xml"/>
			<None Include="Debug\Win32\Resource\Layout\ComboBox_Item.xml"/>
			<None Include="Debug\Win32\Resource\Layout\CategoryDialog.xml"/>
			<None Include="Debug\Win32\Resource\Layout\QrCodeDialog.xml"/>
			<None Include="Debug\Win32\Resource\Layout\FeedbackDialog.xml"/>
			<None Include="Debug\Win32\Resource\Layout\IconListView_Item.xml"/>
			<None Include="Debug\Win32\Resource\Layout\SettingsDialog.xml"/>
			<None Include="Debug\Win32\Resource\Layout\ColorPickerDialog.xml"/>
			<None Include="Debug\Win32\Resource\Layout\ListViewSettingsDialog.xml"/>
			<None Include="Debug\Win32\Resource\Layout\SafeLogWindow.xml"/>
			<None Include="Debug\Win32\Resource\Layout\SafeLogList_Item.xml"/>
			<RcItem Include="QDesktop.ico">
				<ResourceType>ICON</ResourceType>
				<ResourceId>Icon</ResourceId>
			</RcItem>
			<BuildConfiguration Include="Release">
				<Key>Cfg_2</Key>
				<CfgParent>Base</CfgParent>
			</BuildConfiguration>
			<BuildConfiguration Include="Base">
				<Key>Base</Key>
			</BuildConfiguration>
			<BuildConfiguration Include="Debug">
				<Key>Cfg_1</Key>
				<CfgParent>Base</CfgParent>
			</BuildConfiguration>
		</ItemGroup>
		<Target Name="BeforeBuild">
			<ItemGroup>
				<DcuFilesToDelete Include="$(MSBuildProjectDirectory)\Dcu\$(Platform)\*.dcu"/>
			</ItemGroup>
			<Delete Files="@(DcuFilesToDelete)"/>
		</Target>
		<Import Condition="Exists('$(BDS)\Bin\CodeGear.Delphi.Targets')" Project="$(BDS)\Bin\CodeGear.Delphi.Targets"/>
		<ProjectExtensions>
			<Borland.Personality>Delphi.Personality.12</Borland.Personality>
			<Borland.ProjectType/>
			<BorlandProject>
				<Delphi.Personality>
					<Source>
						<Source Name="MainSource">QDesktop.dpr</Source>
					</Source>
					<VersionInfo>
						<VersionInfo Name="IncludeVerInfo">False</VersionInfo>
						<VersionInfo Name="AutoIncBuild">False</VersionInfo>
						<VersionInfo Name="MajorVer">1</VersionInfo>
						<VersionInfo Name="MinorVer">0</VersionInfo>
						<VersionInfo Name="Release">0</VersionInfo>
						<VersionInfo Name="Build">0</VersionInfo>
						<VersionInfo Name="Debug">False</VersionInfo>
						<VersionInfo Name="PreRelease">False</VersionInfo>
						<VersionInfo Name="Special">False</VersionInfo>
						<VersionInfo Name="Private">False</VersionInfo>
						<VersionInfo Name="DLL">False</VersionInfo>
						<VersionInfo Name="Locale">2052</VersionInfo>
						<VersionInfo Name="CodePage">936</VersionInfo>
					</VersionInfo>
					<VersionInfoKeys>
						<VersionInfoKeys Name="CompanyName"/>
						<VersionInfoKeys Name="FileDescription"/>
						<VersionInfoKeys Name="FileVersion">13.1.0.0</VersionInfoKeys>
						<VersionInfoKeys Name="InternalName"/>
						<VersionInfoKeys Name="LegalCopyright"/>
						<VersionInfoKeys Name="LegalTrademarks"/>
						<VersionInfoKeys Name="OriginalFilename"/>
						<VersionInfoKeys Name="ProductName"/>
						<VersionInfoKeys Name="ProductVersion">13.0.0.0</VersionInfoKeys>
						<VersionInfoKeys Name="Comments"/>
					</VersionInfoKeys>
					<Parameters>
						<Parameters Name="UseLauncher">False</Parameters>
						<Parameters Name="LoadAllSymbols">True</Parameters>
						<Parameters Name="LoadUnspecifiedSymbols">False</Parameters>
					</Parameters>
					<Excluded_Packages>
						<Excluded_Packages Name="$(BDSBIN)\dcloffice2k160.bpl">Microsoft Office 2000 Sample Automation Server Wrapper Components</Excluded_Packages>
						<Excluded_Packages Name="$(BDSBIN)\dclofficexp160.bpl">Microsoft Office XP Sample Automation Server Wrapper Components</Excluded_Packages>
					</Excluded_Packages>
				</Delphi.Personality>
				<Platforms>
					<Platform value="Win64">True</Platform>
					<Platform value="Win32">True</Platform>
				</Platforms>
				<Deployment>
					<DeployFile Class="DebugSymbols" Configuration="Debug" LocalName="Debug\Win64\QDesktop.rsm">
						<Platform Name="Win64">
							<RemoteName>QDesktop.rsm</RemoteName>
						</Platform>
					</DeployFile>
					<DeployFile Class="ProjectOutput" Configuration="Debug" LocalName="Debug\Win64\QDesktop.exe">
						<Platform Name="Win64"/>
					</DeployFile>
					<DeployFile Class="ProjectOutput" Configuration="Debug" LocalName="Debug\Win32\QDesktop.exe">
						<Platform Name="Win32"/>
					</DeployFile>
					<DeployFile Class="DebugSymbols" Configuration="Debug" LocalName="Debug\Win32\QDesktop.rsm">
						<Platform Name="Win32">
							<RemoteName>QDesktop.rsm</RemoteName>
						</Platform>
					</DeployFile>
					<DeployClass Name="DependencyPackage" Required="true">
						<Platform Name="Win64">
							<Operation>0</Operation>
							<Extensions>.bpl</Extensions>
						</Platform>
						<Platform Name="Win32">
							<Operation>0</Operation>
							<Extensions>.bpl</Extensions>
						</Platform>
					</DeployClass>
					<DeployClass Name="DependencyModule">
						<Platform Name="Win64">
							<Operation>0</Operation>
							<Extensions>.dll;.bpl</Extensions>
						</Platform>
						<Platform Name="Win32">
							<Operation>0</Operation>
							<Extensions>.dll;.bpl</Extensions>
						</Platform>
					</DeployClass>
					<DeployClass Name="ProjectOutput" Required="true">
						<Platform Name="Win64">
							<Operation>0</Operation>
						</Platform>
						<Platform Name="Win32">
							<Operation>0</Operation>
						</Platform>
					</DeployClass>
					<DeployClass Name="DebugSymbols">
						<Platform Name="Win64">
							<Operation>0</Operation>
						</Platform>
						<Platform Name="Win32">
							<Operation>0</Operation>
						</Platform>
					</DeployClass>
					<DeployClass Name="DependencyFramework">
						<Platform Name="Win64">
							<Operation>0</Operation>
						</Platform>
						<Platform Name="Win32">
							<Operation>0</Operation>
						</Platform>
					</DeployClass>
					<DeployClass Name="File">
						<Platform Name="Win64">
							<Operation>0</Operation>
						</Platform>
						<Platform Name="Win32">
							<Operation>0</Operation>
						</Platform>
					</DeployClass>
					<DeployClass Name="AdditionalDebugSymbols">
						<Platform Name="Win64">
							<RemoteDir>Contents\MacOS</RemoteDir>
							<Operation>0</Operation>
						</Platform>
						<Platform Name="Win32">
							<RemoteDir>Contents\MacOS</RemoteDir>
							<Operation>0</Operation>
						</Platform>
					</DeployClass>
					<ProjectRoot Name="$(PROJECTNAME)" Platform="Win64"/>
					<ProjectRoot Name="$(PROJECTNAME)" Platform="Win32"/>
				</Deployment>
			</BorlandProject>
			<ProjectFileVersion>12</ProjectFileVersion>
		</ProjectExtensions>
		<Import Condition="Exists('$(APPDATA)\Embarcadero\$(BDSAPPDATABASEDIR)\$(PRODUCTVERSION)\UserTools.proj')" Project="$(APPDATA)\Embarcadero\$(BDSAPPDATABASEDIR)\$(PRODUCTVERSION)\UserTools.proj"/>
		<Import Condition="Exists('$(MSBuildProjectName).deployproj')" Project="$(MSBuildProjectName).deployproj"/>
	</Project>
